
Microsoft Visual Studio Solution File, Format Version 12.00
# Visual Studio 15
VisualStudioVersion = 15.0.28307.1062
MinimumVisualStudioVersion = 10.0.40219.1
Project("{FAE04EC0-301F-11D3-BF4B-00C04F79EFBC}") = "WSdbCasa", "WSdbCasa\WSdbCasa.csproj", "{2ABE6704-43A1-4191-92E7-4B157B3B2D8F}"
EndProject
Global
	GlobalSection(SolutionConfigurationPlatforms) = preSolution
		Debug|Any CPU = Debug|Any CPU
		Release|Any CPU = Release|Any CPU
	EndGlobalSection
	GlobalSection(ProjectConfigurationPlatforms) = postSolution
		{2ABE6704-43A1-4191-92E7-4B157B3B2D8F}.Debug|Any CPU.ActiveCfg = Debug|Any CPU
		{2ABE6704-43A1-4191-92E7-4B157B3B2D8F}.Debug|Any CPU.Build.0 = Debug|Any CPU
		{2ABE6704-43A1-4191-92E7-4B157B3B2D8F}.Release|Any CPU.ActiveCfg = Release|Any CPU
		{2ABE6704-43A1-4191-92E7-4B157B3B2D8F}.Release|Any CPU.Build.0 = Release|Any CPU
	EndGlobalSection
	GlobalSection(SolutionProperties) = preSolution
		HideSolutionNode = FALSE
	EndGlobalSection
	GlobalSection(ExtensibilityGlobals) = postSolution
		SolutionGuid = {C92479F0-DAE7-4512-8637-C4E87EEDE5DC}
	EndGlobalSection
EndGlobal
